schema: '2.0'
stages:
  data_ingestion:
    cmd: python src/cnnClassifier/pipeline/stage_01_data_ingestion.py
    deps:
    - path: config/config.yaml
      hash: md5
      md5: ef97dcadc4f50687663950de0f95d729
      size: 800
    - path: src/cnnClassifier/pipeline/stage_01_data_ingestion.py
      hash: md5
      md5: 544150da1f8f4a98008accb451259347
      size: 884
    outs:
    - path: artifacts/data_ingestion/Chicken-fecal-images
      hash: md5
      md5: 9e1f8dd2eae3c29e9d635df89d438ae4.dir
      size: 12207807
      nfiles: 390
  prepare_base_model:
    cmd: python src/cnnClassifier/pipeline/stage_02_prepare_base_model.py
    deps:
    - path: config/config.yaml
      hash: md5
      md5: ef97dcadc4f50687663950de0f95d729
      size: 800
    - path: src/cnnClassifier/pipeline/stage_02_prepare_base_model.py
      hash: md5
      md5: 5787e1fdbc9b5fa94df0c20c2a903d71
      size: 961
    params:
      params.yaml:
        CLASSES: 2
        IMAGE_SIZE:
        - 224
        - 224
        - 3
        INCLUDE_TOP: false
        LEARNING_RATE: 0.01
        WEIGHTS: imagenet
    outs:
    - path: artifacts/prepare_base_model
      hash: md5
      md5: 31f5676bddf2e357e8b535d7aa5614bf.dir
      size: 118059248
      nfiles: 2
  training:
    cmd: python src/cnnClassifier/pipeline/stage_03_training.py
    deps:
    - path: artifacts/data_ingestion/Chicken-fecal-images
      hash: md5
      md5: 9e1f8dd2eae3c29e9d635df89d438ae4.dir
      size: 12207807
      nfiles: 390
    - path: artifacts/prepare_base_model
      hash: md5
      md5: 31f5676bddf2e357e8b535d7aa5614bf.dir
      size: 118059248
      nfiles: 2
    - path: config/config.yaml
      hash: md5
      md5: ef97dcadc4f50687663950de0f95d729
      size: 800
    - path: src/cnnClassifier/components/prepare_callbacks.py
      hash: md5
      md5: 39940d9f6df8a8c01007b35f7a64a6be
      size: 977
    - path: src/cnnClassifier/pipeline/stage_03_training.py
      hash: md5
      md5: fce56aebe0c24eaa53a508f68213017a
      size: 1286
    params:
      params.yaml:
        AUGMENTATION: true
        BATCH_SIZE: 16
        EPOCHS: 1
        IMAGE_SIZE:
        - 224
        - 224
        - 3
    outs:
    - path: artifacts/training/model.h5
      hash: md5
      md5: 313027ddafaa3a17fc32c87a94d3215a
      size: 59340720
  evaluation:
    cmd: python src/cnnClassifier/pipeline/stage_04_evaluation.py
    deps:
    - path: artifacts/data_ingestion/Chicken-fecal-images
      hash: md5
      md5: 9e1f8dd2eae3c29e9d635df89d438ae4.dir
      size: 12207807
      nfiles: 390
    - path: artifacts/training/model.h5
      hash: md5
      md5: 313027ddafaa3a17fc32c87a94d3215a
      size: 59340720
    - path: config/config.yaml
      hash: md5
      md5: ef97dcadc4f50687663950de0f95d729
      size: 800
    - path: src/cnnClassifier/pipeline/stage_04_evaluation.py
      hash: md5
      md5: 18d8a46a52eb6a0e625b1890cfa263c5
      size: 883
    params:
      params.yaml:
        BATCH_SIZE: 16
        IMAGE_SIZE:
        - 224
        - 224
        - 3
    outs:
    - path: scores.json
      hash: md5
      md5: 8e1877162054d5265755c046e64d25aa
      size: 73
